
Microsoft Visual Studio Solution File, Format Version 12.00
# Visual Studio Version 16
VisualStudioVersion = 16.0.30204.135
MinimumVisualStudioVersion = 10.0.40219.1
Project("{FAE04EC0-301F-11D3-BF4B-00C04F79EFBC}") = "BlazorSignalRApp.Server", "BlazorSignalRApp\Server\BlazorSignalRApp.Server.csproj", "{2FBBF652-D528-4FC5-970A-F96EFE0931BD}"
EndProject
Project("{FAE04EC0-301F-11D3-BF4B-00C04F79EFBC}") = "BlazorSignalRApp.Client", "BlazorSignalRApp\Client\BlazorSignalRApp.Client.csproj", "{26860792-2C50-4A50-8B3E-84BECDC07EA2}"
EndProject
Project("{FAE04EC0-301F-11D3-BF4B-00C04F79EFBC}") = "BlazorSignalRApp.Shared", "BlazorSignalRApp\Shared\BlazorSignalRApp.Shared.csproj", "{3F75F8BF-2133-42EC-9B7F-5CB528986954}"
EndProject
Global
	GlobalSection(SolutionConfigurationPlatforms) = preSolution
		Debug|Any CPU = Debug|Any CPU
		Release|Any CPU = Release|Any CPU
	EndGlobalSection
	GlobalSection(ProjectConfigurationPlatforms) = postSolution
		{2FBBF652-D528-4FC5-970A-F96EFE0931BD}.Debug|Any CPU.ActiveCfg = Debug|Any CPU
		{2FBBF652-D528-4FC5-970A-F96EFE0931BD}.Debug|Any CPU.Build.0 = Debug|Any CPU
		{2FBBF652-D528-4FC5-970A-F96EFE0931BD}.Release|Any CPU.ActiveCfg = Release|Any CPU
		{2FBBF652-D528-4FC5-970A-F96EFE0931BD}.Release|Any CPU.Build.0 = Release|Any CPU
		{26860792-2C50-4A50-8B3E-84BECDC07EA2}.Debug|Any CPU.ActiveCfg = Debug|Any CPU
		{26860792-2C50-4A50-8B3E-84BECDC07EA2}.Debug|Any CPU.Build.0 = Debug|Any CPU
		{26860792-2C50-4A50-8B3E-84BECDC07EA2}.Release|Any CPU.ActiveCfg = Release|Any CPU
		{26860792-2C50-4A50-8B3E-84BECDC07EA2}.Release|Any CPU.Build.0 = Release|Any CPU
		{3F75F8BF-2133-42EC-9B7F-5CB528986954}.Debug|Any CPU.ActiveCfg = Debug|Any CPU
		{3F75F8BF-2133-42EC-9B7F-5CB528986954}.Debug|Any CPU.Build.0 = Debug|Any CPU
		{3F75F8BF-2133-42EC-9B7F-5CB528986954}.Release|Any CPU.ActiveCfg = Release|Any CPU
		{3F75F8BF-2133-42EC-9B7F-5CB528986954}.Release|Any CPU.Build.0 = Release|Any CPU
	EndGlobalSection
	GlobalSection(SolutionProperties) = preSolution
		HideSolutionNode = FALSE
	EndGlobalSection
	GlobalSection(ExtensibilityGlobals) = postSolution
		SolutionGuid = {DC93FD65-DB7C-4633-B34C-C526F08C794B}
	EndGlobalSection
EndGlobal
